<Solution>
  <Folder Name="/src/">
    <Project Path="src/Org.Backend/Org.Backend.csproj" />
    <Project Path="src/Org.Frontend/Org.Frontend.csproj" />
    <Project Path="src/Org.Shared/Org.Shared.csproj" />
  </Folder>
  <Folder Name="/tests/">
    <Project Path="tests/Org.Backend.IntegrationTests/Org.Backend.IntegrationTests.csproj" />
    <Project Path="tests/Org.Backend.UnitTests/Org.Backend.UnitTests.csproj" />
  </Folder>
</Solution>
